
Microsoft Visual Studio Solution File, Format Version 12.00
# Visual Studio 14
VisualStudioVersion = 14.0.25420.1
MinimumVisualStudioVersion = 10.0.40219.1
Project("{FAE04EC0-301F-11D3-BF4B-00C04F79EFBC}") = "FileHandler", "FileHandler\FileHandler.csproj", "{92777553-F5F4-4210-8817-30FD77CF6A21}"
EndProject
Project("{FAE04EC0-301F-11D3-BF4B-00C04F79EFBC}") = "FileHandlerTests", "FileHandlerTests\FileHandlerTests.csproj", "{D6FA6E8F-C712-4450-87EB-EDA4FF59EF53}"
EndProject
Global
	GlobalSection(SolutionConfigurationPlatforms) = preSolution
		Debug|Any CPU = Debug|Any CPU
		Release|Any CPU = Release|Any CPU
	EndGlobalSection
	GlobalSection(ProjectConfigurationPlatforms) = postSolution
		{92777553-F5F4-4210-8817-30FD77CF6A21}.Debug|Any CPU.ActiveCfg = Debug|Any CPU
		{92777553-F5F4-4210-8817-30FD77CF6A21}.Debug|Any CPU.Build.0 = Debug|Any CPU
		{92777553-F5F4-4210-8817-30FD77CF6A21}.Release|Any CPU.ActiveCfg = Release|Any CPU
		{92777553-F5F4-4210-8817-30FD77CF6A21}.Release|Any CPU.Build.0 = Release|Any CPU
		{D6FA6E8F-C712-4450-87EB-EDA4FF59EF53}.Debug|Any CPU.ActiveCfg = Debug|Any CPU
		{D6FA6E8F-C712-4450-87EB-EDA4FF59EF53}.Debug|Any CPU.Build.0 = Debug|Any CPU
		{D6FA6E8F-C712-4450-87EB-EDA4FF59EF53}.Release|Any CPU.ActiveCfg = Release|Any CPU
		{D6FA6E8F-C712-4450-87EB-EDA4FF59EF53}.Release|Any CPU.Build.0 = Release|Any CPU
	EndGlobalSection
	GlobalSection(SolutionProperties) = preSolution
		HideSolutionNode = FALSE
	EndGlobalSection
EndGlobal
